// !$*UTF8*$!
{
	archiveVersion = 1;
	classes = {
	};
	objectVersion = 55;
	objects = {

/* Begin PBXBuildFile section */
		D5AC8EEC28C1A6A6002B586B /* AppDelegate.swift in Sources */ = {isa = PBXBuildFile; fileRef = D5AC8EEB28C1A6A6002B586B /* AppDelegate.swift */; };
		D5AC8EF528C1A6A8002B586B /* Assets.xcassets in Resources */ = {isa = PBXBuildFile; fileRef = D5AC8EF428C1A6A8002B586B /* Assets.xcassets */; };
		D5AC8EF828C1A6A8002B586B /* LaunchScreen.storyboard in Resources */ = {isa = PBXBuildFile; fileRef = D5AC8EF628C1A6A8002B586B /* LaunchScreen.storyboard */; };
		D5AC8F0528C1A77E002B586B /* SplatViewController.swift in Sources */ = {isa = PBXBuildFile; fileRef = D5AC8F0328C1A77E002B586B /* SplatViewController.swift */; };
		D5AC8F0628C1A77E002B586B /* SplatViewController.xib in Resources */ = {isa = PBXBuildFile; fileRef = D5AC8F0428C1A77E002B586B /* SplatViewController.xib */; };
		D5AC8F1428C1ADE2002B586B /* SettingViewController.swift in Sources */ = {isa = PBXBuildFile; fileRef = D5AC8F1228C1ADE2002B586B /* SettingViewController.swift */; };
		D5AC8F1528C1ADE2002B586B /* SettingViewController.xib in Resources */ = {isa = PBXBuildFile; fileRef = D5AC8F1328C1ADE2002B586B /* SettingViewController.xib */; };
		D5AC8F1828C1ADEF002B586B /* ChatViewController.swift in Sources */ = {isa = PBXBuildFile; fileRef = D5AC8F1628C1ADEF002B586B /* ChatViewController.swift */; };
		D5AC8F1928C1ADEF002B586B /* ChatViewController.xib in Resources */ = {isa = PBXBuildFile; fileRef = D5AC8F1728C1ADEF002B586B /* ChatViewController.xib */; };
		D5AC8F1C28C1AE00002B586B /* ContactViewController.swift in Sources */ = {isa = PBXBuildFile; fileRef = D5AC8F1A28C1AE00002B586B /* ContactViewController.swift */; };
		D5AC8F1D28C1AE00002B586B /* ContactViewController.xib in Resources */ = {isa = PBXBuildFile; fileRef = D5AC8F1B28C1AE00002B586B /* ContactViewController.xib */; };
		D5AC8F1F28C1B155002B586B /* TabbarController.swift in Sources */ = {isa = PBXBuildFile; fileRef = D5AC8F1E28C1B155002B586B /* TabbarController.swift */; };
/* End PBXBuildFile section */

/* Begin PBXFileReference section */
		D5AC8EE828C1A6A6002B586B /* Telegram_Dev.app */ = {isa = PBXFileReference; explicitFileType = wrapper.application; includeInIndex = 0; path = Telegram_Dev.app; sourceTree = BUILT_PRODUCTS_DIR; };
		D5AC8EEB28C1A6A6002B586B /* AppDelegate.swift */ = {isa = PBXFileReference; lastKnownFileType = sourcecode.swift; path = AppDelegate.swift; sourceTree = "<group>"; };
		D5AC8EF428C1A6A8002B586B /* Assets.xcassets */ = {isa = PBXFileReference; lastKnownFileType = folder.assetcatalog; path = Assets.xcassets; sourceTree = "<group>"; };
		D5AC8EF728C1A6A8002B586B /* Base */ = {isa = PBXFileReference; lastKnownFileType = file.storyboard; name = Base; path = Base.lproj/LaunchScreen.storyboard; sourceTree = "<group>"; };
		D5AC8EF928C1A6A8002B586B /* Info.plist */ = {isa = PBXFileReference; lastKnownFileType = text.plist.xml; path = Info.plist; sourceTree = "<group>"; };
		D5AC8F0328C1A77E002B586B /* SplatViewController.swift */ = {isa = PBXFileReference; lastKnownFileType = sourcecode.swift; path = SplatViewController.swift; sourceTree = "<group>"; };
		D5AC8F0428C1A77E002B586B /* SplatViewController.xib */ = {isa = PBXFileReference; lastKnownFileType = file.xib; path = SplatViewController.xib; sourceTree = "<group>"; };
		D5AC8F1228C1ADE2002B586B /* SettingViewController.swift */ = {isa = PBXFileReference; lastKnownFileType = sourcecode.swift; path = SettingViewController.swift; sourceTree = "<group>"; };
		D5AC8F1328C1ADE2002B586B /* SettingViewController.xib */ = {isa = PBXFileReference; lastKnownFileType = file.xib; path = SettingViewController.xib; sourceTree = "<group>"; };
		D5AC8F1628C1ADEF002B586B /* ChatViewController.swift */ = {isa = PBXFileReference; lastKnownFileType = sourcecode.swift; path = ChatViewController.swift; sourceTree = "<group>"; };
		D5AC8F1728C1ADEF002B586B /* ChatViewController.xib */ = {isa = PBXFileReference; lastKnownFileType = file.xib; path = ChatViewController.xib; sourceTree = "<group>"; };
		D5AC8F1A28C1AE00002B586B /* ContactViewController.swift */ = {isa = PBXFileReference; lastKnownFileType = sourcecode.swift; path = ContactViewController.swift; sourceTree = "<group>"; };
		D5AC8F1B28C1AE00002B586B /* ContactViewController.xib */ = {isa = PBXFileReference; lastKnownFileType = file.xib; path = ContactViewController.xib; sourceTree = "<group>"; };
		D5AC8F1E28C1B155002B586B /* TabbarController.swift */ = {isa = PBXFileReference; lastKnownFileType = sourcecode.swift; path = TabbarController.swift; sourceTree = "<group>"; };
/* End PBXFileReference section */

/* Begin PBXFrameworksBuildPhase section */
		D5AC8EE528C1A6A6002B586B /* Frameworks */ = {
			isa = PBXFrameworksBuildPhase;
			buildActionMask = 2147483647;
			files = (
			);
			runOnlyForDeploymentPostprocessing = 0;
		};
/* End PBXFrameworksBuildPhase section */

/* Begin PBXGroup section */
		D5AC8EDF28C1A6A6002B586B = {
			isa = PBXGroup;
			children = (
				D5AC8EEA28C1A6A6002B586B /* Telegram_Dev */,
				D5AC8EE928C1A6A6002B586B /* Products */,
			);
			sourceTree = "<group>";
		};
		D5AC8EE928C1A6A6002B586B /* Products */ = {
			isa = PBXGroup;
			children = (
				D5AC8EE828C1A6A6002B586B /* Telegram_Dev.app */,
			);
			name = Products;
			sourceTree = "<group>";
		};
		D5AC8EEA28C1A6A6002B586B /* Telegram_Dev */ = {
			isa = PBXGroup;
			children = (
				D5AC8F0128C1A745002B586B /* Resource */,
				D5AC8F0028C1A734002B586B /* Models */,
				D5AC8EFF28C1A729002B586B /* Screens */,
				D5AC8EEB28C1A6A6002B586B /* AppDelegate.swift */,
				D5AC8EF428C1A6A8002B586B /* Assets.xcassets */,
				D5AC8EF628C1A6A8002B586B /* LaunchScreen.storyboard */,
				D5AC8EF928C1A6A8002B586B /* Info.plist */,
			);
			path = Telegram_Dev;
			sourceTree = "<group>";
		};
		D5AC8EFF28C1A729002B586B /* Screens */ = {
			isa = PBXGroup;
			children = (
				D5AC8F0728C1A8B3002B586B /* Home */,
				D5AC8F0228C1A753002B586B /* Splat */,
			);
			path = Screens;
			sourceTree = "<group>";
		};
		D5AC8F0028C1A734002B586B /* Models */ = {
			isa = PBXGroup;
			children = (
			);
			path = Models;
			sourceTree = "<group>";
		};
		D5AC8F0128C1A745002B586B /* Resource */ = {
			isa = PBXGroup;
			children = (
			);
			path = Resource;
			sourceTree = "<group>";
		};
		D5AC8F0228C1A753002B586B /* Splat */ = {
			isa = PBXGroup;
			children = (
				D5AC8F0328C1A77E002B586B /* SplatViewController.swift */,
				D5AC8F0428C1A77E002B586B /* SplatViewController.xib */,
			);
			path = Splat;
			sourceTree = "<group>";
		};
		D5AC8F0728C1A8B3002B586B /* Home */ = {
			isa = PBXGroup;
			children = (
				D5AC8F1028C1ADB3002B586B /* Settings */,
				D5AC8F0F28C1ADA6002B586B /* Chats */,
				D5AC8F0E28C1AD95002B586B /* Contacts */,
				D5AC8F1E28C1B155002B586B /* TabbarController.swift */,
			);
			path = Home;
			sourceTree = "<group>";
		};
		D5AC8F0E28C1AD95002B586B /* Contacts */ = {
			isa = PBXGroup;
			children = (
				D5AC8F1A28C1AE00002B586B /* ContactViewController.swift */,
				D5AC8F1B28C1AE00002B586B /* ContactViewController.xib */,
			);
			path = Contacts;
			sourceTree = "<group>";
		};
		D5AC8F0F28C1ADA6002B586B /* Chats */ = {
			isa = PBXGroup;
			children = (
				D5AC8F1628C1ADEF002B586B /* ChatViewController.swift */,
				D5AC8F1728C1ADEF002B586B /* ChatViewController.xib */,
			);
			path = Chats;
			sourceTree = "<group>";
		};
		D5AC8F1028C1ADB3002B586B /* Settings */ = {
			isa = PBXGroup;
			children = (
				D5AC8F1228C1ADE2002B586B /* SettingViewController.swift */,
				D5AC8F1328C1ADE2002B586B /* SettingViewController.xib */,
			);
			path = Settings;
			sourceTree = "<group>";
		};
/* End PBXGroup section */

/* Begin PBXNativeTarget section */
		D5AC8EE728C1A6A6002B586B /* Telegram_Dev */ = {
			isa = PBXNativeTarget;
			buildConfigurationList = D5AC8EFC28C1A6A8002B586B /* Build configuration list for PBXNativeTarget "Telegram_Dev" */;
			buildPhases = (
				D5AC8EE428C1A6A6002B586B /* Sources */,
				D5AC8EE528C1A6A6002B586B /* Frameworks */,
				D5AC8EE628C1A6A6002B586B /* Resources */,
			);
			buildRules = (
			);
			dependencies = (
			);
			name = Telegram_Dev;
			productName = Telegram_Dev;
			productReference = D5AC8EE828C1A6A6002B586B /* Telegram_Dev.app */;
			productType = "com.apple.product-type.application";
		};
/* End PBXNativeTarget section */

/* Begin PBXProject section */
		D5AC8EE028C1A6A6002B586B /* Project object */ = {
			isa = PBXProject;
			attributes = {
				BuildIndependentTargetsInParallel = 1;
				LastSwiftUpdateCheck = 1340;
				LastUpgradeCheck = 1340;
				TargetAttributes = {
					D5AC8EE728C1A6A6002B586B = {
						CreatedOnToolsVersion = 13.4.1;
					};
				};
			};
			buildConfigurationList = D5AC8EE328C1A6A6002B586B /* Build configuration list for PBXProject "Telegram_Dev" */;
			compatibilityVersion = "Xcode 13.0";
			developmentRegion = en;
			hasScannedForEncodings = 0;
			knownRegions = (
				en,
				Base,
			);
			mainGroup = D5AC8EDF28C1A6A6002B586B;
			productRefGroup = D5AC8EE928C1A6A6002B586B /* Products */;
			projectDirPath = "";
			projectRoot = "";
			targets = (
				D5AC8EE728C1A6A6002B586B /* Telegram_Dev */,
			);
		};
/* End PBXProject section */

/* Begin PBXResourcesBuildPhase section */
		D5AC8EE628C1A6A6002B586B /* Resources */ = {
			isa = PBXResourcesBuildPhase;
			buildActionMask = 2147483647;
			files = (
				D5AC8F0628C1A77E002B586B /* SplatViewController.xib in Resources */,
				D5AC8F1D28C1AE00002B586B /* ContactViewController.xib in Resources */,
				D5AC8EF828C1A6A8002B586B /* LaunchScreen.storyboard in Resources */,
				D5AC8EF528C1A6A8002B586B /* Assets.xcassets in Resources */,
				D5AC8F1928C1ADEF002B586B /* ChatViewController.xib in Resources */,
				D5AC8F1528C1ADE2002B586B /* SettingViewController.xib in Resources */,
			);
			runOnlyForDeploymentPostprocessing = 0;
		};
/* End PBXResourcesBuildPhase section */

/* Begin PBXSourcesBuildPhase section */
		D5AC8EE428C1A6A6002B586B /* Sources */ = {
			isa = PBXSourcesBuildPhase;
			buildActionMask = 2147483647;
			files = (
				D5AC8EEC28C1A6A6002B586B /* AppDelegate.swift in Sources */,
				D5AC8F1F28C1B155002B586B /* TabbarController.swift in Sources */,
				D5AC8F0528C1A77E002B586B /* SplatViewController.swift in Sources */,
				D5AC8F1828C1ADEF002B586B /* ChatViewController.swift in Sources */,
				D5AC8F1428C1ADE2002B586B /* SettingViewController.swift in Sources */,
				D5AC8F1C28C1AE00002B586B /* ContactViewController.swift in Sources */,
			);
			runOnlyForDeploymentPostprocessing = 0;
		};
/* End PBXSourcesBuildPhase section */

/* Begin PBXVariantGroup section */
		D5AC8EF628C1A6A8002B586B /* LaunchScreen.storyboard */ = {
			isa = PBXVariantGroup;
			children = (
				D5AC8EF728C1A6A8002B586B /* Base */,
			);
			name = LaunchScreen.storyboard;
			sourceTree = "<group>";
		};
/* End PBXVariantGroup section */

/* Begin XCBuildConfiguration section */
		D5AC8EFA28C1A6A8002B586B /* Debug */ = {
			isa = XCBuildConfiguration;
			buildSettings = {
				ALWAYS_SEARCH_USER_PATHS = NO;
				CLANG_ANALYZER_NONNULL = YES;
				CLANG_ANALYZER_NUMBER_OBJECT_CONVERSION = YES_AGGRESSIVE;
				CLANG_CXX_LANGUAGE_STANDARD = "gnu++17";
				CLANG_ENABLE_MODULES = YES;
				CLANG_ENABLE_OBJC_ARC = YES;
				CLANG_ENABLE_OBJC_WEAK = YES;
				CLANG_WARN_BLOCK_CAPTURE_AUTORELEASING = YES;
				CLANG_WARN_BOOL_CONVERSION = YES;
				CLANG_WARN_COMMA = YES;
				CLANG_WARN_CONSTANT_CONVERSION = YES;
				CLANG_WARN_DEPRECATED_OBJC_IMPLEMENTATIONS = YES;
				CLANG_WARN_DIRECT_OBJC_ISA_USAGE = YES_ERROR;
				CLANG_WARN_DOCUMENTATION_COMMENTS = YES;
				CLANG_WARN_EMPTY_BODY = YES;
				CLANG_WARN_ENUM_CONVERSION = YES;
				CLANG_WARN_INFINITE_RECURSION = YES;
				CLANG_WARN_INT_CONVERSION = YES;
				CLANG_WARN_NON_LITERAL_NULL_CONVERSION = YES;
				CLANG_WARN_OBJC_IMPLICIT_RETAIN_SELF = YES;
				CLANG_WARN_OBJC_LITERAL_CONVERSION = YES;
				CLANG_WARN_OBJC_ROOT_CLASS = YES_ERROR;
				CLANG_WARN_QUOTED_INCLUDE_IN_FRAMEWORK_HEADER = YES;
				CLANG_WARN_RANGE_LOOP_ANALYSIS = YES;
				CLANG_WARN_STRICT_PROTOTYPES = YES;
				CLANG_WARN_SUSPICIOUS_MOVE = YES;
				CLANG_WARN_UNGUARDED_AVAILABILITY = YES_AGGRESSIVE;
				CLANG_WARN_UNREACHABLE_CODE = YES;
				CLANG_WARN__DUPLICATE_METHOD_MATCH = YES;
				COPY_PHASE_STRIP = NO;
				DEBUG_INFORMATION_FORMAT = dwarf;
				ENABLE_STRICT_OBJC_MSGSEND = YES;
				ENABLE_TESTABILITY = YES;
				GCC_C_LANGUAGE_STANDARD = gnu11;
				GCC_DYNAMIC_NO_PIC = NO;
				GCC_NO_COMMON_BLOCKS = YES;
				GCC_OPTIMIZATION_LEVEL = 0;
				GCC_PREPROCESSOR_DEFINITIONS = (
					"DEBUG=1",
					"$(inherited)",
				);
				GCC_WARN_64_TO_32_BIT_CONVERSION = YES;
				GCC_WARN_ABOUT_RETURN_TYPE = YES_ERROR;
				GCC_WARN_UNDECLARED_SELECTOR = YES;
				GCC_WARN_UNINITIALIZED_AUTOS = YES_AGGRESSIVE;
				GCC_WARN_UNUSED_FUNCTION = YES;
				GCC_WARN_UNUSED_VARIABLE = YES;
				IPHONEOS_DEPLOYMENT_TARGET = 15.5;
				MTL_ENABLE_DEBUG_INFO = INCLUDE_SOURCE;
				MTL_FAST_MATH = YES;
				ONLY_ACTIVE_ARCH = YES;
				SDKROOT = iphoneos;
				SWIFT_ACTIVE_COMPILATION_CONDITIONS = DEBUG;
				SWIFT_OPTIMIZATION_LEVEL = "-Onone";
			};
			name = Debug;
		};
		D5AC8EFB28C1A6A8002B586B /* Release */ = {
			isa = XCBuildConfiguration;
			buildSettings = {
				ALWAYS_SEARCH_USER_PATHS = NO;
				CLANG_ANALYZER_NONNULL = YES;
				CLANG_ANALYZER_NUMBER_OBJECT_CONVERSION = YES_AGGRESSIVE;
				CLANG_CXX_LANGUAGE_STANDARD = "gnu++17";
				CLANG_ENABLE_MODULES = YES;
				CLANG_ENABLE_OBJC_ARC = YES;
				CLANG_ENABLE_OBJC_WEAK = YES;
				CLANG_WARN_BLOCK_CAPTURE_AUTORELEASING = YES;
				CLANG_WARN_BOOL_CONVERSION = YES;
				CLANG_WARN_COMMA = YES;
				CLANG_WARN_CONSTANT_CONVERSION = YES;
				CLANG_WARN_DEPRECATED_OBJC_IMPLEMENTATIONS = YES;
				CLANG_WARN_DIRECT_OBJC_ISA_USAGE = YES_ERROR;
				CLANG_WARN_DOCUMENTATION_COMMENTS = YES;
				CLANG_WARN_EMPTY_BODY = YES;
				CLANG_WARN_ENUM_CONVERSION = YES;
				CLANG_WARN_INFINITE_RECURSION = YES;
				CLANG_WARN_INT_CONVERSION = YES;
				CLANG_WARN_NON_LITERAL_NULL_CONVERSION = YES;
				CLANG_WARN_OBJC_IMPLICIT_RETAIN_SELF = YES;
				CLANG_WARN_OBJC_LITERAL_CONVERSION = YES;
				CLANG_WARN_OBJC_ROOT_CLASS = YES_ERROR;
				CLANG_WARN_QUOTED_INCLUDE_IN_FRAMEWORK_HEADER = YES;
				CLANG_WARN_RANGE_LOOP_ANALYSIS = YES;
				CLANG_WARN_STRICT_PROTOTYPES = YES;
				CLANG_WARN_SUSPICIOUS_MOVE = YES;
				CLANG_WARN_UNGUARDED_AVAILABILITY = YES_AGGRESSIVE;
				CLANG_WARN_UNREACHABLE_CODE = YES;
				CLANG_WARN__DUPLICATE_METHOD_MATCH = YES;
				COPY_PHASE_STRIP = NO;
				DEBUG_INFORMATION_FORMAT = "dwarf-with-dsym";
				ENABLE_NS_ASSERTIONS = NO;
				ENABLE_STRICT_OBJC_MSGSEND = YES;
				GCC_C_LANGUAGE_STANDARD = gnu11;
				GCC_NO_COMMON_BLOCKS = YES;
				GCC_WARN_64_TO_32_BIT_CONVERSION = YES;
				GCC_WARN_ABOUT_RETURN_TYPE = YES_ERROR;
				GCC_WARN_UNDECLARED_SELECTOR = YES;
				GCC_WARN_UNINITIALIZED_AUTOS = YES_AGGRESSIVE;
				GCC_WARN_UNUSED_FUNCTION = YES;
				GCC_WARN_UNUSED_VARIABLE = YES;
				IPHONEOS_DEPLOYMENT_TARGET = 15.5;
				MTL_ENABLE_DEBUG_INFO = NO;
				MTL_FAST_MATH = YES;
				SDKROOT = iphoneos;
				SWIFT_COMPILATION_MODE = wholemodule;
				SWIFT_OPTIMIZATION_LEVEL = "-O";
				VALIDATE_PRODUCT = YES;
			};
			name = Release;
		};
		D5AC8EFD28C1A6A8002B586B /* Debug */ = {
			isa = XCBuildConfiguration;
			buildSettings = {
				ASSETCATALOG_COMPILER_APPICON_NAME = AppIcon;
				ASSETCATALOG_COMPILER_GLOBAL_ACCENT_COLOR_NAME = AccentColor;
				CODE_SIGN_STYLE = Automatic;
				CURRENT_PROJECT_VERSION = 1;
				DEVELOPMENT_TEAM = 9V764CVCJC;
				GENERATE_INFOPLIST_FILE = YES;
				INFOPLIST_FILE = Telegram_Dev/Info.plist;
				INFOPLIST_KEY_UIApplicationSupportsIndirectInputEvents = YES;
				INFOPLIST_KEY_UILaunchStoryboardName = LaunchScreen;
				INFOPLIST_KEY_UISupportedInterfaceOrientations_iPad = "UIInterfaceOrientationPortrait UIInterfaceOrientationPortraitUpsideDown UIInterfaceOrientationLandscapeLeft UIInterfaceOrientationLandscapeRight";
				INFOPLIST_KEY_UISupportedInterfaceOrientations_iPhone = "UIInterfaceOrientationPortrait UIInterfaceOrientationLandscapeLeft UIInterfaceOrientationLandscapeRight";
				LD_RUNPATH_SEARCH_PATHS = (
					"$(inherited)",
					"@executable_path/Frameworks",
				);
				MARKETING_VERSION = 1.0;
				PRODUCT_BUNDLE_IDENTIFIER = "com.buicong.Telegram-Dev";
				PRODUCT_NAME = "$(TARGET_NAME)";
				SWIFT_EMIT_LOC_STRINGS = YES;
				SWIFT_VERSION = 5.0;
				TARGETED_DEVICE_FAMILY = "1,2";
			};
			name = Debug;
		};
		D5AC8EFE28C1A6A8002B586B /* Release */ = {
			isa = XCBuildConfiguration;
			buildSettings = {
				ASSETCATALOG_COMPILER_APPICON_NAME = AppIcon;
				ASSETCATALOG_COMPILER_GLOBAL_ACCENT_COLOR_NAME = AccentColor;
				CODE_SIGN_STYLE = Automatic;
				CURRENT_PROJECT_VERSION = 1;
				DEVELOPMENT_TEAM = 9V764CVCJC;
				GENERATE_INFOPLIST_FILE = YES;
				INFOPLIST_FILE = Telegram_Dev/Info.plist;
				INFOPLIST_KEY_UIApplicationSupportsIndirectInputEvents = YES;
				INFOPLIST_KEY_UILaunchStoryboardName = LaunchScreen;
				INFOPLIST_KEY_UISupportedInterfaceOrientations_iPad = "UIInterfaceOrientationPortrait UIInterfaceOrientationPortraitUpsideDown UIInterfaceOrientationLandscapeLeft UIInterfaceOrientationLandscapeRight";
				INFOPLIST_KEY_UISupportedInterfaceOrientations_iPhone = "UIInterfaceOrientationPortrait UIInterfaceOrientationLandscapeLeft UIInterfaceOrientationLandscapeRight";
				LD_RUNPATH_SEARCH_PATHS = (
					"$(inherited)",
					"@executable_path/Frameworks",
				);
				MARKETING_VERSION = 1.0;
				PRODUCT_BUNDLE_IDENTIFIER = "com.buicong.Telegram-Dev";
				PRODUCT_NAME = "$(TARGET_NAME)";
				SWIFT_EMIT_LOC_STRINGS = YES;
				SWIFT_VERSION = 5.0;
				TARGETED_DEVICE_FAMILY = "1,2";
			};
			name = Release;
		};
/* End XCBuildConfiguration section */

/* Begin XCConfigurationList section */
		D5AC8EE328C1A6A6002B586B /* Build configuration list for PBXProject "Telegram_Dev" */ = {
			isa = XCConfigurationList;
			buildConfigurations = (
				D5AC8EFA28C1A6A8002B586B /* Debug */,
				D5AC8EFB28C1A6A8002B586B /* Release */,
			);
			defaultConfigurationIsVisible = 0;
			defaultConfigurationName = Release;
		};
		D5AC8EFC28C1A6A8002B586B /* Build configuration list for PBXNativeTarget "Telegram_Dev" */ = {
			isa = XCConfigurationList;
			buildConfigurations = (
				D5AC8EFD28C1A6A8002B586B /* Debug */,
				D5AC8EFE28C1A6A8002B586B /* Release */,
			);
			defaultConfigurationIsVisible = 0;
			defaultConfigurationName = Release;
		};
/* End XCConfigurationList section */
	};
	rootObject = D5AC8EE028C1A6A6002B586B /* Project object */;
}
